
Microsoft Visual Studio Solution File, Format Version 12.00
# Visual Studio Version 16
VisualStudioVersion = 16.0.31829.152
MinimumVisualStudioVersion = 10.0.40219.1
Project("{FAE04EC0-301F-11D3-BF4B-00C04F79EFBC}") = "vs2019_ptr demo3", "vs2019_ptr demo3\vs2019_ptr demo3.csproj", "{CE7337EA-11A0-4D30-BC7A-567C379EB798}"
EndProject
Global
	GlobalSection(SolutionConfigurationPlatforms) = preSolution
		Debug|Any CPU = Debug|Any CPU
		Release|Any CPU = Release|Any CPU
	EndGlobalSection
	GlobalSection(ProjectConfigurationPlatforms) = postSolution
		{CE7337EA-11A0-4D30-BC7A-567C379EB798}.Debug|Any CPU.ActiveCfg = Debug|Any CPU
		{CE7337EA-11A0-4D30-BC7A-567C379EB798}.Debug|Any CPU.Build.0 = Debug|Any CPU
		{CE7337EA-11A0-4D30-BC7A-567C379EB798}.Release|Any CPU.ActiveCfg = Release|Any CPU
		{CE7337EA-11A0-4D30-BC7A-567C379EB798}.Release|Any CPU.Build.0 = Release|Any CPU
	EndGlobalSection
	GlobalSection(SolutionProperties) = preSolution
		HideSolutionNode = FALSE
	EndGlobalSection
	GlobalSection(ExtensibilityGlobals) = postSolution
		SolutionGuid = {E61464B1-4B4F-4FB0-9239-3A43DBEDA906}
	EndGlobalSection
EndGlobal
